
Microsoft Visual Studio Solution File, Format Version 12.00
# Visual Studio Version 17
VisualStudioVersion = 17.4.33205.214
MinimumVisualStudioVersion = 10.0.40219.1
Project("{2150E333-8FDC-42A3-9474-1A3956D46DE8}") = "Pro.Commons", "Pro.Commons", "{DA82C338-D388-48E3-BB27-0DBF0BC20103}"
EndProject
Project("{2150E333-8FDC-42A3-9474-1A3956D46DE8}") = "Pro.Data", "Pro.Data", "{C231945A-ABE2-4B96-85CE-C4AAC042ED63}"
EndProject
Project("{2150E333-8FDC-42A3-9474-1A3956D46DE8}") = "Pro.Model", "Pro.Model", "{2CCF4BB1-6E85-44D0-9DC7-37A9DF537A65}"
EndProject
Project("{2150E333-8FDC-42A3-9474-1A3956D46DE8}") = "Pro.Service", "Pro.Service", "{DEC99F65-72C9-4536-A35D-49A0FDDE0F21}"
EndProject
Project("{9A19103F-16F7-4668-BE54-9A1E7A4F7556}") = "Pro.FileManager", "Pro.Commons\Pro.FileManager\Pro.FileManager.csproj", "{3F7235A8-9092-4C62-8EBB-477D5368FE3A}"
EndProject
Project("{9A19103F-16F7-4668-BE54-9A1E7A4F7556}") = "Pro.Common", "Pro.Commons\Pro.Common\Pro.Common.csproj", "{C39C9307-6118-46A5-A016-B3506828410A}"
EndProject
Project("{9A19103F-16F7-4668-BE54-9A1E7A4F7556}") = "Pro.Data", "Pro.Data\Pro.Data\Pro.Data.csproj", "{FDD9EBF3-D819-4F32-8A79-0F5AC478D045}"
EndProject
Project("{9A19103F-16F7-4668-BE54-9A1E7A4F7556}") = "Pro.Model", "Pro.Model\Pro.Model\Pro.Model.csproj", "{4EDBD6A8-CE89-4D6C-B0C0-8ACD9FA08C48}"
EndProject
Project("{9A19103F-16F7-4668-BE54-9A1E7A4F7556}") = "Pro.Service", "Pro.Service\Pro.Service\Pro.Service.csproj", "{D8D202E5-5EE8-4DF3-8114-2DCDF63EE77C}"
EndProject
Project("{2150E333-8FDC-42A3-9474-1A3956D46DE8}") = "ProAPI", "ProAPI", "{DFF9A5B5-96C0-43D9-96BB-95789740DACE}"
EndProject
Project("{9A19103F-16F7-4668-BE54-9A1E7A4F7556}") = "Pro.API", "ProAPI\Pro.API.csproj", "{5F660BEA-86AB-4169-ACE3-A0F822BEEBDF}"
EndProject
Project("{2150E333-8FDC-42A3-9474-1A3956D46DE8}") = "ProApiScanGet", "ProApiScanGet", "{4C37172C-6AD7-4B99-8266-30D82EBFC7ED}"
EndProject
Project("{9A19103F-16F7-4668-BE54-9A1E7A4F7556}") = "Pro.APIScanGet", "ProAPI_ScanGet\Pro.APIScanGet.csproj", "{4D9404C3-495A-46D3-80DB-34BAC383E229}"
EndProject
Global
	GlobalSection(SolutionConfigurationPlatforms) = preSolution
		Debug|Any CPU = Debug|Any CPU
		Release|Any CPU = Release|Any CPU
	EndGlobalSection
	GlobalSection(ProjectConfigurationPlatforms) = postSolution
		{3F7235A8-9092-4C62-8EBB-477D5368FE3A}.Debug|Any CPU.ActiveCfg = Debug|Any CPU
		{3F7235A8-9092-4C62-8EBB-477D5368FE3A}.Debug|Any CPU.Build.0 = Debug|Any CPU
		{3F7235A8-9092-4C62-8EBB-477D5368FE3A}.Release|Any CPU.ActiveCfg = Release|Any CPU
		{3F7235A8-9092-4C62-8EBB-477D5368FE3A}.Release|Any CPU.Build.0 = Release|Any CPU
		{C39C9307-6118-46A5-A016-B3506828410A}.Debug|Any CPU.ActiveCfg = Debug|Any CPU
		{C39C9307-6118-46A5-A016-B3506828410A}.Debug|Any CPU.Build.0 = Debug|Any CPU
		{C39C9307-6118-46A5-A016-B3506828410A}.Release|Any CPU.ActiveCfg = Release|Any CPU
		{C39C9307-6118-46A5-A016-B3506828410A}.Release|Any CPU.Build.0 = Release|Any CPU
		{FDD9EBF3-D819-4F32-8A79-0F5AC478D045}.Debug|Any CPU.ActiveCfg = Debug|Any CPU
		{FDD9EBF3-D819-4F32-8A79-0F5AC478D045}.Debug|Any CPU.Build.0 = Debug|Any CPU
		{FDD9EBF3-D819-4F32-8A79-0F5AC478D045}.Release|Any CPU.ActiveCfg = Release|Any CPU
		{FDD9EBF3-D819-4F32-8A79-0F5AC478D045}.Release|Any CPU.Build.0 = Release|Any CPU
		{4EDBD6A8-CE89-4D6C-B0C0-8ACD9FA08C48}.Debug|Any CPU.ActiveCfg = Debug|Any CPU
		{4EDBD6A8-CE89-4D6C-B0C0-8ACD9FA08C48}.Debug|Any CPU.Build.0 = Debug|Any CPU
		{4EDBD6A8-CE89-4D6C-B0C0-8ACD9FA08C48}.Release|Any CPU.ActiveCfg = Release|Any CPU
		{4EDBD6A8-CE89-4D6C-B0C0-8ACD9FA08C48}.Release|Any CPU.Build.0 = Release|Any CPU
		{D8D202E5-5EE8-4DF3-8114-2DCDF63EE77C}.Debug|Any CPU.ActiveCfg = Debug|Any CPU
		{D8D202E5-5EE8-4DF3-8114-2DCDF63EE77C}.Debug|Any CPU.Build.0 = Debug|Any CPU
		{D8D202E5-5EE8-4DF3-8114-2DCDF63EE77C}.Release|Any CPU.ActiveCfg = Release|Any CPU
		{D8D202E5-5EE8-4DF3-8114-2DCDF63EE77C}.Release|Any CPU.Build.0 = Release|Any CPU
		{5F660BEA-86AB-4169-ACE3-A0F822BEEBDF}.Debug|Any CPU.ActiveCfg = Debug|Any CPU
		{5F660BEA-86AB-4169-ACE3-A0F822BEEBDF}.Debug|Any CPU.Build.0 = Debug|Any CPU
		{5F660BEA-86AB-4169-ACE3-A0F822BEEBDF}.Release|Any CPU.ActiveCfg = Release|Any CPU
		{5F660BEA-86AB-4169-ACE3-A0F822BEEBDF}.Release|Any CPU.Build.0 = Release|Any CPU
		{4D9404C3-495A-46D3-80DB-34BAC383E229}.Debug|Any CPU.ActiveCfg = Debug|Any CPU
		{4D9404C3-495A-46D3-80DB-34BAC383E229}.Debug|Any CPU.Build.0 = Debug|Any CPU
		{4D9404C3-495A-46D3-80DB-34BAC383E229}.Release|Any CPU.ActiveCfg = Release|Any CPU
		{4D9404C3-495A-46D3-80DB-34BAC383E229}.Release|Any CPU.Build.0 = Release|Any CPU
	EndGlobalSection
	GlobalSection(SolutionProperties) = preSolution
		HideSolutionNode = FALSE
	EndGlobalSection
	GlobalSection(NestedProjects) = preSolution
		{3F7235A8-9092-4C62-8EBB-477D5368FE3A} = {DA82C338-D388-48E3-BB27-0DBF0BC20103}
		{C39C9307-6118-46A5-A016-B3506828410A} = {DA82C338-D388-48E3-BB27-0DBF0BC20103}
		{FDD9EBF3-D819-4F32-8A79-0F5AC478D045} = {C231945A-ABE2-4B96-85CE-C4AAC042ED63}
		{4EDBD6A8-CE89-4D6C-B0C0-8ACD9FA08C48} = {2CCF4BB1-6E85-44D0-9DC7-37A9DF537A65}
		{D8D202E5-5EE8-4DF3-8114-2DCDF63EE77C} = {DEC99F65-72C9-4536-A35D-49A0FDDE0F21}
		{5F660BEA-86AB-4169-ACE3-A0F822BEEBDF} = {DFF9A5B5-96C0-43D9-96BB-95789740DACE}
		{4D9404C3-495A-46D3-80DB-34BAC383E229} = {4C37172C-6AD7-4B99-8266-30D82EBFC7ED}
	EndGlobalSection
	GlobalSection(ExtensibilityGlobals) = postSolution
		SolutionGuid = {F8C5BEBA-1133-4974-AD15-073ABF63464D}
	EndGlobalSection
EndGlobal
